// !$*UTF8*$!
{
	archiveVersion = 1;
	classes = {
	};
	objectVersion = 56;
	objects = {

/* Begin PBXBuildFile section */
		6A0347E629F16E150067E06D /* PopUpView.swift in Sources */ = {isa = PBXBuildFile; fileRef = 6A0347E529F16E150067E06D /* PopUpView.swift */; };
		6A0347E829F17F4D0067E06D /* Debouncer.swift in Sources */ = {isa = PBXBuildFile; fileRef = 6A0347E729F17F4D0067E06D /* Debouncer.swift */; };
		6A0347EC29F28F100067E06D /* DetailView.swift in Sources */ = {isa = PBXBuildFile; fileRef = 6A0347EB29F28F100067E06D /* DetailView.swift */; };
		6A0347F329F42B700067E06D /* Localization.swift in Sources */ = {isa = PBXBuildFile; fileRef = 6A0347F229F42B700067E06D /* Localization.swift */; };
		6A0347F629F42D6C0067E06D /* Localizable.strings in Resources */ = {isa = PBXBuildFile; fileRef = 6A0347F829F42D6C0067E06D /* Localizable.strings */; };
		6A0347FC29F5920B0067E06D /* Persistence.swift in Sources */ = {isa = PBXBuildFile; fileRef = 6A0347FB29F5920B0067E06D /* Persistence.swift */; };
		6A2F07B329EC68EA00E2313A /* EVChargeGXApp.swift in Sources */ = {isa = PBXBuildFile; fileRef = 6A2F07B229EC68EA00E2313A /* EVChargeGXApp.swift */; };
		6A2F07B529EC68EA00E2313A /* ContentView.swift in Sources */ = {isa = PBXBuildFile; fileRef = 6A2F07B429EC68EA00E2313A /* ContentView.swift */; };
		6A2F07B729EC68ED00E2313A /* Assets.xcassets in Resources */ = {isa = PBXBuildFile; fileRef = 6A2F07B629EC68ED00E2313A /* Assets.xcassets */; };
		6A2F07BA29EC68ED00E2313A /* Preview Assets.xcassets in Resources */ = {isa = PBXBuildFile; fileRef = 6A2F07B929EC68ED00E2313A /* Preview Assets.xcassets */; };
		6A2F07BF29EC68ED00E2313A /* EVChargeGX.xcdatamodeld in Sources */ = {isa = PBXBuildFile; fileRef = 6A2F07BD29EC68ED00E2313A /* EVChargeGX.xcdatamodeld */; };
		6A2F07CA29EC68ED00E2313A /* EVChargeGXTests.swift in Sources */ = {isa = PBXBuildFile; fileRef = 6A2F07C929EC68ED00E2313A /* EVChargeGXTests.swift */; };
		6A2F07D429EC68ED00E2313A /* EVChargeGXUITests.swift in Sources */ = {isa = PBXBuildFile; fileRef = 6A2F07D329EC68ED00E2313A /* EVChargeGXUITests.swift */; };
		6A2F07D629EC68ED00E2313A /* EVChargeGXUITestsLaunchTests.swift in Sources */ = {isa = PBXBuildFile; fileRef = 6A2F07D529EC68ED00E2313A /* EVChargeGXUITestsLaunchTests.swift */; };
		6A2F07E729EC697E00E2313A /* DrawerItem.swift in Sources */ = {isa = PBXBuildFile; fileRef = 6A2F07E629EC697E00E2313A /* DrawerItem.swift */; };
		6A2F07E929EC69A900E2313A /* ApiModel.swift in Sources */ = {isa = PBXBuildFile; fileRef = 6A2F07E829EC69A900E2313A /* ApiModel.swift */; };
		6A2F07EB29EC69BF00E2313A /* Api.swift in Sources */ = {isa = PBXBuildFile; fileRef = 6A2F07EA29EC69BF00E2313A /* Api.swift */; };
		6A2F07EF29EC69FD00E2313A /* StationData.swift in Sources */ = {isa = PBXBuildFile; fileRef = 6A2F07EE29EC69FD00E2313A /* StationData.swift */; };
		6A2F07F129EC6A2200E2313A /* StationViewModel.swift in Sources */ = {isa = PBXBuildFile; fileRef = 6A2F07F029EC6A2200E2313A /* StationViewModel.swift */; };
		6A2F07F329EC6A6700E2313A /* DrawerContentView.swift in Sources */ = {isa = PBXBuildFile; fileRef = 6A2F07F229EC6A6700E2313A /* DrawerContentView.swift */; };
		6A2F07F529EC6A8F00E2313A /* FirstView.swift in Sources */ = {isa = PBXBuildFile; fileRef = 6A2F07F429EC6A8F00E2313A /* FirstView.swift */; };
		6A2F07F729EC6AAA00E2313A /* MapView.swift in Sources */ = {isa = PBXBuildFile; fileRef = 6A2F07F629EC6AAA00E2313A /* MapView.swift */; };
		6A2F07F929EC6AD600E2313A /* ProfileView.swift in Sources */ = {isa = PBXBuildFile; fileRef = 6A2F07F829EC6AD600E2313A /* ProfileView.swift */; };
		6A2F07FC29EC6B2200E2313A /* Drawer in Frameworks */ = {isa = PBXBuildFile; productRef = 6A2F07FB29EC6B2200E2313A /* Drawer */; };
		6A2F07FE29EC6E2C00E2313A /* .gitignore in Resources */ = {isa = PBXBuildFile; fileRef = 6A2F07FD29EC6E2C00E2313A /* .gitignore */; };
		6A6304FD29F28530002E82E8 /* StartView.swift in Sources */ = {isa = PBXBuildFile; fileRef = 6A6304FC29F28530002E82E8 /* StartView.swift */; };
		6ACB600F29EE7D1B00BFC55B /* SpeechRecognizer.swift in Sources */ = {isa = PBXBuildFile; fileRef = 6ACB600E29EE7D1B00BFC55B /* SpeechRecognizer.swift */; };
/* End PBXBuildFile section */

/* Begin PBXContainerItemProxy section */
		6A2F07C629EC68ED00E2313A /* PBXContainerItemProxy */ = {
			isa = PBXContainerItemProxy;
			containerPortal = 6A2F07A729EC68EA00E2313A /* Project object */;
			proxyType = 1;
			remoteGlobalIDString = 6A2F07AE29EC68EA00E2313A;
			remoteInfo = EVChargeGX;
		};
		6A2F07D029EC68ED00E2313A /* PBXContainerItemProxy */ = {
			isa = PBXContainerItemProxy;
			containerPortal = 6A2F07A729EC68EA00E2313A /* Project object */;
			proxyType = 1;
			remoteGlobalIDString = 6A2F07AE29EC68EA00E2313A;
			remoteInfo = EVChargeGX;
		};
/* End PBXContainerItemProxy section */

/* Begin PBXFileReference section */
		6A0347E529F16E150067E06D /* PopUpView.swift */ = {isa = PBXFileReference; lastKnownFileType = sourcecode.swift; path = PopUpView.swift; sourceTree = "<group>"; };
		6A0347E729F17F4D0067E06D /* Debouncer.swift */ = {isa = PBXFileReference; lastKnownFileType = sourcecode.swift; path = Debouncer.swift; sourceTree = "<group>"; };
		6A0347EB29F28F100067E06D /* DetailView.swift */ = {isa = PBXFileReference; lastKnownFileType = sourcecode.swift; path = DetailView.swift; sourceTree = "<group>"; };
		6A0347F229F42B700067E06D /* Localization.swift */ = {isa = PBXFileReference; lastKnownFileType = sourcecode.swift; path = Localization.swift; sourceTree = "<group>"; };
		6A0347F729F42D6C0067E06D /* en */ = {isa = PBXFileReference; lastKnownFileType = text.plist.strings; name = en; path = en.lproj/Localizable.strings; sourceTree = "<group>"; };
		6A0347F929F42D710067E06D /* fi */ = {isa = PBXFileReference; lastKnownFileType = text.plist.strings; name = fi; path = fi.lproj/Localizable.strings; sourceTree = "<group>"; };
		6A0347FB29F5920B0067E06D /* Persistence.swift */ = {isa = PBXFileReference; lastKnownFileType = sourcecode.swift; path = Persistence.swift; sourceTree = "<group>"; };
		6A2F07AF29EC68EA00E2313A /* EVChargeGX.app */ = {isa = PBXFileReference; explicitFileType = wrapper.application; includeInIndex = 0; path = EVChargeGX.app; sourceTree = BUILT_PRODUCTS_DIR; };
		6A2F07B229EC68EA00E2313A /* EVChargeGXApp.swift */ = {isa = PBXFileReference; lastKnownFileType = sourcecode.swift; path = EVChargeGXApp.swift; sourceTree = "<group>"; };
		6A2F07B429EC68EA00E2313A /* ContentView.swift */ = {isa = PBXFileReference; lastKnownFileType = sourcecode.swift; path = ContentView.swift; sourceTree = "<group>"; };
		6A2F07B629EC68ED00E2313A /* Assets.xcassets */ = {isa = PBXFileReference; lastKnownFileType = folder.assetcatalog; path = Assets.xcassets; sourceTree = "<group>"; };
		6A2F07B929EC68ED00E2313A /* Preview Assets.xcassets */ = {isa = PBXFileReference; lastKnownFileType = folder.assetcatalog; path = "Preview Assets.xcassets"; sourceTree = "<group>"; };
		6A2F07BE29EC68ED00E2313A /* EVChargeGX.xcdatamodel */ = {isa = PBXFileReference; lastKnownFileType = wrapper.xcdatamodel; path = EVChargeGX.xcdatamodel; sourceTree = "<group>"; };
		6A2F07C029EC68ED00E2313A /* Info.plist */ = {isa = PBXFileReference; lastKnownFileType = text.plist.xml; path = Info.plist; sourceTree = "<group>"; };
		6A2F07C529EC68ED00E2313A /* EVChargeGXTests.xctest */ = {isa = PBXFileReference; explicitFileType = wrapper.cfbundle; includeInIndex = 0; path = EVChargeGXTests.xctest; sourceTree = BUILT_PRODUCTS_DIR; };
		6A2F07C929EC68ED00E2313A /* EVChargeGXTests.swift */ = {isa = PBXFileReference; lastKnownFileType = sourcecode.swift; path = EVChargeGXTests.swift; sourceTree = "<group>"; };
		6A2F07CF29EC68ED00E2313A /* EVChargeGXUITests.xctest */ = {isa = PBXFileReference; explicitFileType = wrapper.cfbundle; includeInIndex = 0; path = EVChargeGXUITests.xctest; sourceTree = BUILT_PRODUCTS_DIR; };
		6A2F07D329EC68ED00E2313A /* EVChargeGXUITests.swift */ = {isa = PBXFileReference; lastKnownFileType = sourcecode.swift; path = EVChargeGXUITests.swift; sourceTree = "<group>"; };
		6A2F07D529EC68ED00E2313A /* EVChargeGXUITestsLaunchTests.swift */ = {isa = PBXFileReference; lastKnownFileType = sourcecode.swift; path = EVChargeGXUITestsLaunchTests.swift; sourceTree = "<group>"; };
		6A2F07E629EC697E00E2313A /* DrawerItem.swift */ = {isa = PBXFileReference; lastKnownFileType = sourcecode.swift; path = DrawerItem.swift; sourceTree = "<group>"; };
		6A2F07E829EC69A900E2313A /* ApiModel.swift */ = {isa = PBXFileReference; lastKnownFileType = sourcecode.swift; path = ApiModel.swift; sourceTree = "<group>"; };
		6A2F07EA29EC69BF00E2313A /* Api.swift */ = {isa = PBXFileReference; lastKnownFileType = sourcecode.swift; path = Api.swift; sourceTree = "<group>"; };
		6A2F07EE29EC69FD00E2313A /* StationData.swift */ = {isa = PBXFileReference; lastKnownFileType = sourcecode.swift; path = StationData.swift; sourceTree = "<group>"; };
		6A2F07F029EC6A2200E2313A /* StationViewModel.swift */ = {isa = PBXFileReference; lastKnownFileType = sourcecode.swift; path = StationViewModel.swift; sourceTree = "<group>"; };
		6A2F07F229EC6A6700E2313A /* DrawerContentView.swift */ = {isa = PBXFileReference; lastKnownFileType = sourcecode.swift; path = DrawerContentView.swift; sourceTree = "<group>"; };
		6A2F07F429EC6A8F00E2313A /* FirstView.swift */ = {isa = PBXFileReference; lastKnownFileType = sourcecode.swift; path = FirstView.swift; sourceTree = "<group>"; };
		6A2F07F629EC6AAA00E2313A /* MapView.swift */ = {isa = PBXFileReference; lastKnownFileType = sourcecode.swift; path = MapView.swift; sourceTree = "<group>"; };
		6A2F07F829EC6AD600E2313A /* ProfileView.swift */ = {isa = PBXFileReference; lastKnownFileType = sourcecode.swift; path = ProfileView.swift; sourceTree = "<group>"; };
		6A2F07FD29EC6E2C00E2313A /* .gitignore */ = {isa = PBXFileReference; lastKnownFileType = text; path = .gitignore; sourceTree = "<group>"; };
		6A6304FC29F28530002E82E8 /* StartView.swift */ = {isa = PBXFileReference; lastKnownFileType = sourcecode.swift; path = StartView.swift; sourceTree = "<group>"; };
		6ACB600E29EE7D1B00BFC55B /* SpeechRecognizer.swift */ = {isa = PBXFileReference; fileEncoding = 4; lastKnownFileType = sourcecode.swift; path = SpeechRecognizer.swift; sourceTree = "<group>"; };
/* End PBXFileReference section */

/* Begin PBXFrameworksBuildPhase section */
		6A2F07AC29EC68EA00E2313A /* Frameworks */ = {
			isa = PBXFrameworksBuildPhase;
			buildActionMask = 2147483647;
			files = (
				6A2F07FC29EC6B2200E2313A /* Drawer in Frameworks */,
			);
			runOnlyForDeploymentPostprocessing = 0;
		};
		6A2F07C229EC68ED00E2313A /* Frameworks */ = {
			isa = PBXFrameworksBuildPhase;
			buildActionMask = 2147483647;
			files = (
			);
			runOnlyForDeploymentPostprocessing = 0;
		};
		6A2F07CC29EC68ED00E2313A /* Frameworks */ = {
			isa = PBXFrameworksBuildPhase;
			buildActionMask = 2147483647;
			files = (
			);
			runOnlyForDeploymentPostprocessing = 0;
		};
/* End PBXFrameworksBuildPhase section */

/* Begin PBXGroup section */
		6A0347ED29F429A30067E06D /* Localization */ = {
			isa = PBXGroup;
			children = (
				6A0347F229F42B700067E06D /* Localization.swift */,
				6A0347F829F42D6C0067E06D /* Localizable.strings */,
			);
			path = Localization;
			sourceTree = "<group>";
		};
		6A2F07A629EC68EA00E2313A = {
			isa = PBXGroup;
			children = (
				6A2F07FD29EC6E2C00E2313A /* .gitignore */,
				6A2F07B129EC68EA00E2313A /* EVChargeGX */,
				6A2F07C829EC68ED00E2313A /* EVChargeGXTests */,
				6A2F07D229EC68ED00E2313A /* EVChargeGXUITests */,
				6A2F07B029EC68EA00E2313A /* Products */,
			);
			sourceTree = "<group>";
		};
		6A2F07B029EC68EA00E2313A /* Products */ = {
			isa = PBXGroup;
			children = (
				6A2F07AF29EC68EA00E2313A /* EVChargeGX.app */,
				6A2F07C529EC68ED00E2313A /* EVChargeGXTests.xctest */,
				6A2F07CF29EC68ED00E2313A /* EVChargeGXUITests.xctest */,
			);
			name = Products;
			sourceTree = "<group>";
		};
		6A2F07B129EC68EA00E2313A /* EVChargeGX */ = {
			isa = PBXGroup;
			children = (
				6A0347ED29F429A30067E06D /* Localization */,
				6A2F07E529EC694D00E2313A /* Networking */,
				6A2F07E429EC694500E2313A /* Models */,
				6A2F07E329EC693400E2313A /* Components */,
				6A2F07E229EC692000E2313A /* Views */,
				6A2F07B229EC68EA00E2313A /* EVChargeGXApp.swift */,
				6A2F07B429EC68EA00E2313A /* ContentView.swift */,
				6A2F07B629EC68ED00E2313A /* Assets.xcassets */,
				6A2F07C029EC68ED00E2313A /* Info.plist */,
				6A2F07BD29EC68ED00E2313A /* EVChargeGX.xcdatamodeld */,
				6A2F07B829EC68ED00E2313A /* Preview Content */,
				6A0347FB29F5920B0067E06D /* Persistence.swift */,
			);
			path = EVChargeGX;
			sourceTree = "<group>";
		};
		6A2F07B829EC68ED00E2313A /* Preview Content */ = {
			isa = PBXGroup;
			children = (
				6A2F07B929EC68ED00E2313A /* Preview Assets.xcassets */,
			);
			path = "Preview Content";
			sourceTree = "<group>";
		};
		6A2F07C829EC68ED00E2313A /* EVChargeGXTests */ = {
			isa = PBXGroup;
			children = (
				6A2F07C929EC68ED00E2313A /* EVChargeGXTests.swift */,
			);
			path = EVChargeGXTests;
			sourceTree = "<group>";
		};
		6A2F07D229EC68ED00E2313A /* EVChargeGXUITests */ = {
			isa = PBXGroup;
			children = (
				6A2F07D329EC68ED00E2313A /* EVChargeGXUITests.swift */,
				6A2F07D529EC68ED00E2313A /* EVChargeGXUITestsLaunchTests.swift */,
			);
			path = EVChargeGXUITests;
			sourceTree = "<group>";
		};
		6A2F07E229EC692000E2313A /* Views */ = {
			isa = PBXGroup;
			children = (
				6A2F07F229EC6A6700E2313A /* DrawerContentView.swift */,
				6A2F07F429EC6A8F00E2313A /* FirstView.swift */,
				6A2F07F629EC6AAA00E2313A /* MapView.swift */,
				6A2F07F829EC6AD600E2313A /* ProfileView.swift */,
				6A0347E529F16E150067E06D /* PopUpView.swift */,
				6A6304FC29F28530002E82E8 /* StartView.swift */,
				6A0347EB29F28F100067E06D /* DetailView.swift */,
			);
			path = Views;
			sourceTree = "<group>";
		};
		6A2F07E329EC693400E2313A /* Components */ = {
			isa = PBXGroup;
			children = (
				6A2F07E629EC697E00E2313A /* DrawerItem.swift */,
				6A0347E729F17F4D0067E06D /* Debouncer.swift */,
			);
			path = Components;
			sourceTree = "<group>";
		};
		6A2F07E429EC694500E2313A /* Models */ = {
			isa = PBXGroup;
			children = (
				6A2F07E829EC69A900E2313A /* ApiModel.swift */,
				6ACB600E29EE7D1B00BFC55B /* SpeechRecognizer.swift */,
				6A2F07EE29EC69FD00E2313A /* StationData.swift */,
				6A2F07F029EC6A2200E2313A /* StationViewModel.swift */,
			);
			path = Models;
			sourceTree = "<group>";
		};
		6A2F07E529EC694D00E2313A /* Networking */ = {
			isa = PBXGroup;
			children = (
				6A2F07EA29EC69BF00E2313A /* Api.swift */,
			);
			path = Networking;
			sourceTree = "<group>";
		};
/* End PBXGroup section */

/* Begin PBXNativeTarget section */
		6A2F07AE29EC68EA00E2313A /* EVChargeGX */ = {
			isa = PBXNativeTarget;
			buildConfigurationList = 6A2F07D929EC68ED00E2313A /* Build configuration list for PBXNativeTarget "EVChargeGX" */;
			buildPhases = (
				6A2F07AB29EC68EA00E2313A /* Sources */,
				6A2F07AC29EC68EA00E2313A /* Frameworks */,
				6A2F07AD29EC68EA00E2313A /* Resources */,
			);
			buildRules = (
			);
			dependencies = (
			);
			name = EVChargeGX;
			packageProductDependencies = (
				6A2F07FB29EC6B2200E2313A /* Drawer */,
			);
			productName = EVChargeGX;
			productReference = 6A2F07AF29EC68EA00E2313A /* EVChargeGX.app */;
			productType = "com.apple.product-type.application";
		};
		6A2F07C429EC68ED00E2313A /* EVChargeGXTests */ = {
			isa = PBXNativeTarget;
			buildConfigurationList = 6A2F07DC29EC68ED00E2313A /* Build configuration list for PBXNativeTarget "EVChargeGXTests" */;
			buildPhases = (
				6A2F07C129EC68ED00E2313A /* Sources */,
				6A2F07C229EC68ED00E2313A /* Frameworks */,
				6A2F07C329EC68ED00E2313A /* Resources */,
			);
			buildRules = (
			);
			dependencies = (
				6A2F07C729EC68ED00E2313A /* PBXTargetDependency */,
			);
			name = EVChargeGXTests;
			productName = EVChargeGXTests;
			productReference = 6A2F07C529EC68ED00E2313A /* EVChargeGXTests.xctest */;
			productType = "com.apple.product-type.bundle.unit-test";
		};
		6A2F07CE29EC68ED00E2313A /* EVChargeGXUITests */ = {
			isa = PBXNativeTarget;
			buildConfigurationList = 6A2F07DF29EC68ED00E2313A /* Build configuration list for PBXNativeTarget "EVChargeGXUITests" */;
			buildPhases = (
				6A2F07CB29EC68ED00E2313A /* Sources */,
				6A2F07CC29EC68ED00E2313A /* Frameworks */,
				6A2F07CD29EC68ED00E2313A /* Resources */,
			);
			buildRules = (
			);
			dependencies = (
				6A2F07D129EC68ED00E2313A /* PBXTargetDependency */,
			);
			name = EVChargeGXUITests;
			productName = EVChargeGXUITests;
			productReference = 6A2F07CF29EC68ED00E2313A /* EVChargeGXUITests.xctest */;
			productType = "com.apple.product-type.bundle.ui-testing";
		};
/* End PBXNativeTarget section */

/* Begin PBXProject section */
		6A2F07A729EC68EA00E2313A /* Project object */ = {
			isa = PBXProject;
			attributes = {
				BuildIndependentTargetsInParallel = 1;
				LastSwiftUpdateCheck = 1420;
				LastUpgradeCheck = 1420;
				TargetAttributes = {
					6A2F07AE29EC68EA00E2313A = {
						CreatedOnToolsVersion = 14.2;
					};
					6A2F07C429EC68ED00E2313A = {
						CreatedOnToolsVersion = 14.2;
						TestTargetID = 6A2F07AE29EC68EA00E2313A;
					};
					6A2F07CE29EC68ED00E2313A = {
						CreatedOnToolsVersion = 14.2;
						TestTargetID = 6A2F07AE29EC68EA00E2313A;
					};
				};
			};
			buildConfigurationList = 6A2F07AA29EC68EA00E2313A /* Build configuration list for PBXProject "EVChargeGX" */;
			compatibilityVersion = "Xcode 14.0";
			developmentRegion = en;
			hasScannedForEncodings = 0;
			knownRegions = (
				en,
				Base,
				fi,
				"zh-HK",
			);
			mainGroup = 6A2F07A629EC68EA00E2313A;
			packageReferences = (
				6A2F07FA29EC6B2200E2313A /* XCRemoteSwiftPackageReference "swiftui-drawer" */,
			);
			productRefGroup = 6A2F07B029EC68EA00E2313A /* Products */;
			projectDirPath = "";
			projectRoot = "";
			targets = (
				6A2F07AE29EC68EA00E2313A /* EVChargeGX */,
				6A2F07C429EC68ED00E2313A /* EVChargeGXTests */,
				6A2F07CE29EC68ED00E2313A /* EVChargeGXUITests */,
			);
		};
/* End PBXProject section */

/* Begin PBXResourcesBuildPhase section */
		6A2F07AD29EC68EA00E2313A /* Resources */ = {
			isa = PBXResourcesBuildPhase;
			buildActionMask = 2147483647;
			files = (
				6A2F07BA29EC68ED00E2313A /* Preview Assets.xcassets in Resources */,
				6A0347F629F42D6C0067E06D /* Localizable.strings in Resources */,
				6A2F07FE29EC6E2C00E2313A /* .gitignore in Resources */,
				6A2F07B729EC68ED00E2313A /* Assets.xcassets in Resources */,
			);
			runOnlyForDeploymentPostprocessing = 0;
		};
		6A2F07C329EC68ED00E2313A /* Resources */ = {
			isa = PBXResourcesBuildPhase;
			buildActionMask = 2147483647;
			files = (
			);
			runOnlyForDeploymentPostprocessing = 0;
		};
		6A2F07CD29EC68ED00E2313A /* Resources */ = {
			isa = PBXResourcesBuildPhase;
			buildActionMask = 2147483647;
			files = (
			);
			runOnlyForDeploymentPostprocessing = 0;
		};
/* End PBXResourcesBuildPhase section */

/* Begin PBXSourcesBuildPhase section */
		6A2F07AB29EC68EA00E2313A /* Sources */ = {
			isa = PBXSourcesBuildPhase;
			buildActionMask = 2147483647;
			files = (
				6ACB600F29EE7D1B00BFC55B /* SpeechRecognizer.swift in Sources */,
				6A0347EC29F28F100067E06D /* DetailView.swift in Sources */,
				6A2F07F529EC6A8F00E2313A /* FirstView.swift in Sources */,
				6A2F07B529EC68EA00E2313A /* ContentView.swift in Sources */,
				6A0347F329F42B700067E06D /* Localization.swift in Sources */,
				6A2F07F729EC6AAA00E2313A /* MapView.swift in Sources */,
				6A2F07E729EC697E00E2313A /* DrawerItem.swift in Sources */,
				6A2F07EF29EC69FD00E2313A /* StationData.swift in Sources */,
				6A0347FC29F5920B0067E06D /* Persistence.swift in Sources */,
				6A2F07F129EC6A2200E2313A /* StationViewModel.swift in Sources */,
				6A6304FD29F28530002E82E8 /* StartView.swift in Sources */,
				6A0347E829F17F4D0067E06D /* Debouncer.swift in Sources */,
				6A0347E629F16E150067E06D /* PopUpView.swift in Sources */,
				6A2F07B329EC68EA00E2313A /* EVChargeGXApp.swift in Sources */,
				6A2F07E929EC69A900E2313A /* ApiModel.swift in Sources */,
				6A2F07EB29EC69BF00E2313A /* Api.swift in Sources */,
				6A2F07BF29EC68ED00E2313A /* EVChargeGX.xcdatamodeld in Sources */,
				6A2F07F929EC6AD600E2313A /* ProfileView.swift in Sources */,
				6A2F07F329EC6A6700E2313A /* DrawerContentView.swift in Sources */,
			);
			runOnlyForDeploymentPostprocessing = 0;
		};
		6A2F07C129EC68ED00E2313A /* Sources */ = {
			isa = PBXSourcesBuildPhase;
			buildActionMask = 2147483647;
			files = (
				6A2F07CA29EC68ED00E2313A /* EVChargeGXTests.swift in Sources */,
			);
			runOnlyForDeploymentPostprocessing = 0;
		};
		6A2F07CB29EC68ED00E2313A /* Sources */ = {
			isa = PBXSourcesBuildPhase;
			buildActionMask = 2147483647;
			files = (
				6A2F07D629EC68ED00E2313A /* EVChargeGXUITestsLaunchTests.swift in Sources */,
				6A2F07D429EC68ED00E2313A /* EVChargeGXUITests.swift in Sources */,
			);
			runOnlyForDeploymentPostprocessing = 0;
		};
/* End PBXSourcesBuildPhase section */

/* Begin PBXTargetDependency section */
		6A2F07C729EC68ED00E2313A /* PBXTargetDependency */ = {
			isa = PBXTargetDependency;
			target = 6A2F07AE29EC68EA00E2313A /* EVChargeGX */;
			targetProxy = 6A2F07C629EC68ED00E2313A /* PBXContainerItemProxy */;
		};
		6A2F07D129EC68ED00E2313A /* PBXTargetDependency */ = {
			isa = PBXTargetDependency;
			target = 6A2F07AE29EC68EA00E2313A /* EVChargeGX */;
			targetProxy = 6A2F07D029EC68ED00E2313A /* PBXContainerItemProxy */;
		};
/* End PBXTargetDependency section */

/* Begin PBXVariantGroup section */
		6A0347F829F42D6C0067E06D /* Localizable.strings */ = {
			isa = PBXVariantGroup;
			children = (
				6A0347F729F42D6C0067E06D /* en */,
				6A0347F929F42D710067E06D /* fi */,
			);
			name = Localizable.strings;
			sourceTree = "<group>";
		};
/* End PBXVariantGroup section */

/* Begin XCBuildConfiguration section */
		6A2F07D729EC68ED00E2313A /* Debug */ = {
			isa = XCBuildConfiguration;
			buildSettings = {
				ALWAYS_SEARCH_USER_PATHS = NO;
				CLANG_ANALYZER_NONNULL = YES;
				CLANG_ANALYZER_NUMBER_OBJECT_CONVERSION = YES_AGGRESSIVE;
				CLANG_CXX_LANGUAGE_STANDARD = "gnu++20";
				CLANG_ENABLE_MODULES = YES;
				CLANG_ENABLE_OBJC_ARC = YES;
				CLANG_ENABLE_OBJC_WEAK = YES;
				CLANG_WARN_BLOCK_CAPTURE_AUTORELEASING = YES;
				CLANG_WARN_BOOL_CONVERSION = YES;
				CLANG_WARN_COMMA = YES;
				CLANG_WARN_CONSTANT_CONVERSION = YES;
				CLANG_WARN_DEPRECATED_OBJC_IMPLEMENTATIONS = YES;
				CLANG_WARN_DIRECT_OBJC_ISA_USAGE = YES_ERROR;
				CLANG_WARN_DOCUMENTATION_COMMENTS = YES;
				CLANG_WARN_EMPTY_BODY = YES;
				CLANG_WARN_ENUM_CONVERSION = YES;
				CLANG_WARN_INFINITE_RECURSION = YES;
				CLANG_WARN_INT_CONVERSION = YES;
				CLANG_WARN_NON_LITERAL_NULL_CONVERSION = YES;
				CLANG_WARN_OBJC_IMPLICIT_RETAIN_SELF = YES;
				CLANG_WARN_OBJC_LITERAL_CONVERSION = YES;
				CLANG_WARN_OBJC_ROOT_CLASS = YES_ERROR;
				CLANG_WARN_QUOTED_INCLUDE_IN_FRAMEWORK_HEADER = YES;
				CLANG_WARN_RANGE_LOOP_ANALYSIS = YES;
				CLANG_WARN_STRICT_PROTOTYPES = YES;
				CLANG_WARN_SUSPICIOUS_MOVE = YES;
				CLANG_WARN_UNGUARDED_AVAILABILITY = YES_AGGRESSIVE;
				CLANG_WARN_UNREACHABLE_CODE = YES;
				CLANG_WARN__DUPLICATE_METHOD_MATCH = YES;
				COPY_PHASE_STRIP = NO;
				DEBUG_INFORMATION_FORMAT = dwarf;
				ENABLE_STRICT_OBJC_MSGSEND = YES;
				ENABLE_TESTABILITY = YES;
				GCC_C_LANGUAGE_STANDARD = gnu11;
				GCC_DYNAMIC_NO_PIC = NO;
				GCC_NO_COMMON_BLOCKS = YES;
				GCC_OPTIMIZATION_LEVEL = 0;
				GCC_PREPROCESSOR_DEFINITIONS = (
					"DEBUG=1",
					"$(inherited)",
				);
				GCC_WARN_64_TO_32_BIT_CONVERSION = YES;
				GCC_WARN_ABOUT_RETURN_TYPE = YES_ERROR;
				GCC_WARN_UNDECLARED_SELECTOR = YES;
				GCC_WARN_UNINITIALIZED_AUTOS = YES_AGGRESSIVE;
				GCC_WARN_UNUSED_FUNCTION = YES;
				GCC_WARN_UNUSED_VARIABLE = YES;
				IPHONEOS_DEPLOYMENT_TARGET = 16.2;
				MTL_ENABLE_DEBUG_INFO = INCLUDE_SOURCE;
				MTL_FAST_MATH = YES;
				ONLY_ACTIVE_ARCH = YES;
				SDKROOT = iphoneos;
				SWIFT_ACTIVE_COMPILATION_CONDITIONS = DEBUG;
				SWIFT_OPTIMIZATION_LEVEL = "-Onone";
			};
			name = Debug;
		};
		6A2F07D829EC68ED00E2313A /* Release */ = {
			isa = XCBuildConfiguration;
			buildSettings = {
				ALWAYS_SEARCH_USER_PATHS = NO;
				CLANG_ANALYZER_NONNULL = YES;
				CLANG_ANALYZER_NUMBER_OBJECT_CONVERSION = YES_AGGRESSIVE;
				CLANG_CXX_LANGUAGE_STANDARD = "gnu++20";
				CLANG_ENABLE_MODULES = YES;
				CLANG_ENABLE_OBJC_ARC = YES;
				CLANG_ENABLE_OBJC_WEAK = YES;
				CLANG_WARN_BLOCK_CAPTURE_AUTORELEASING = YES;
				CLANG_WARN_BOOL_CONVERSION = YES;
				CLANG_WARN_COMMA = YES;
				CLANG_WARN_CONSTANT_CONVERSION = YES;
				CLANG_WARN_DEPRECATED_OBJC_IMPLEMENTATIONS = YES;
				CLANG_WARN_DIRECT_OBJC_ISA_USAGE = YES_ERROR;
				CLANG_WARN_DOCUMENTATION_COMMENTS = YES;
				CLANG_WARN_EMPTY_BODY = YES;
				CLANG_WARN_ENUM_CONVERSION = YES;
				CLANG_WARN_INFINITE_RECURSION = YES;
				CLANG_WARN_INT_CONVERSION = YES;
				CLANG_WARN_NON_LITERAL_NULL_CONVERSION = YES;
				CLANG_WARN_OBJC_IMPLICIT_RETAIN_SELF = YES;
				CLANG_WARN_OBJC_LITERAL_CONVERSION = YES;
				CLANG_WARN_OBJC_ROOT_CLASS = YES_ERROR;
				CLANG_WARN_QUOTED_INCLUDE_IN_FRAMEWORK_HEADER = YES;
				CLANG_WARN_RANGE_LOOP_ANALYSIS = YES;
				CLANG_WARN_STRICT_PROTOTYPES = YES;
				CLANG_WARN_SUSPICIOUS_MOVE = YES;
				CLANG_WARN_UNGUARDED_AVAILABILITY = YES_AGGRESSIVE;
				CLANG_WARN_UNREACHABLE_CODE = YES;
				CLANG_WARN__DUPLICATE_METHOD_MATCH = YES;
				COPY_PHASE_STRIP = NO;
				DEBUG_INFORMATION_FORMAT = "dwarf-with-dsym";
				ENABLE_NS_ASSERTIONS = NO;
				ENABLE_STRICT_OBJC_MSGSEND = YES;
				GCC_C_LANGUAGE_STANDARD = gnu11;
				GCC_NO_COMMON_BLOCKS = YES;
				GCC_WARN_64_TO_32_BIT_CONVERSION = YES;
				GCC_WARN_ABOUT_RETURN_TYPE = YES_ERROR;
				GCC_WARN_UNDECLARED_SELECTOR = YES;
				GCC_WARN_UNINITIALIZED_AUTOS = YES_AGGRESSIVE;
				GCC_WARN_UNUSED_FUNCTION = YES;
				GCC_WARN_UNUSED_VARIABLE = YES;
				IPHONEOS_DEPLOYMENT_TARGET = 16.2;
				MTL_ENABLE_DEBUG_INFO = NO;
				MTL_FAST_MATH = YES;
				SDKROOT = iphoneos;
				SWIFT_COMPILATION_MODE = wholemodule;
				SWIFT_OPTIMIZATION_LEVEL = "-O";
				VALIDATE_PRODUCT = YES;
			};
			name = Release;
		};
		6A2F07DA29EC68ED00E2313A /* Debug */ = {
			isa = XCBuildConfiguration;
			buildSettings = {
				ASSETCATALOG_COMPILER_APPICON_NAME = AppIcon;
				ASSETCATALOG_COMPILER_GLOBAL_ACCENT_COLOR_NAME = AccentColor;
				CODE_SIGN_STYLE = Automatic;
				CURRENT_PROJECT_VERSION = 1;
				DEVELOPMENT_ASSET_PATHS = "\"EVChargeGX/Preview Content\"";
				ENABLE_PREVIEWS = YES;
				GENERATE_INFOPLIST_FILE = YES;
				INFOPLIST_KEY_NSLocationWhenInUseUsageDescription = "Our app uses your location to give you information about charging stations near you";
				INFOPLIST_KEY_NSMicrophoneUsageDescription = "Audio is recorded for speech regonition purposes";
				INFOPLIST_KEY_NSSpeechRecognitionUsageDescription = "Audio is used for speech recognition.";
				INFOPLIST_KEY_UIApplicationSceneManifest_Generation = YES;
				INFOPLIST_KEY_UIApplicationSupportsIndirectInputEvents = YES;
				INFOPLIST_KEY_UILaunchScreen_Generation = YES;
				INFOPLIST_KEY_UISupportedInterfaceOrientations_iPad = "UIInterfaceOrientationPortrait UIInterfaceOrientationPortraitUpsideDown UIInterfaceOrientationLandscapeLeft UIInterfaceOrientationLandscapeRight";
				INFOPLIST_KEY_UISupportedInterfaceOrientations_iPhone = "UIInterfaceOrientationPortrait UIInterfaceOrientationLandscapeLeft UIInterfaceOrientationLandscapeRight";
				LD_RUNPATH_SEARCH_PATHS = (
					"$(inherited)",
					"@executable_path/Frameworks",
				);
				MARKETING_VERSION = 1.0;
				PRODUCT_BUNDLE_IDENTIFIER = metropolia.EVChargeGX;
				PRODUCT_NAME = "$(TARGET_NAME)";
				SWIFT_EMIT_LOC_STRINGS = YES;
				SWIFT_VERSION = 5.0;
				TARGETED_DEVICE_FAMILY = "1,2";
			};
			name = Debug;
		};
		6A2F07DB29EC68ED00E2313A /* Release */ = {
			isa = XCBuildConfiguration;
			buildSettings = {
				ASSETCATALOG_COMPILER_APPICON_NAME = AppIcon;
				ASSETCATALOG_COMPILER_GLOBAL_ACCENT_COLOR_NAME = AccentColor;
				CODE_SIGN_STYLE = Automatic;
				CURRENT_PROJECT_VERSION = 1;
				DEVELOPMENT_ASSET_PATHS = "\"EVChargeGX/Preview Content\"";
				ENABLE_PREVIEWS = YES;
				GENERATE_INFOPLIST_FILE = YES;
				INFOPLIST_KEY_NSLocationWhenInUseUsageDescription = "Our app uses your location to give you information about charging stations near you";
				INFOPLIST_KEY_NSMicrophoneUsageDescription = "Audio is recorded for speech regonition purposes";
				INFOPLIST_KEY_NSSpeechRecognitionUsageDescription = "Audio is used for speech recognition.";
				INFOPLIST_KEY_UIApplicationSceneManifest_Generation = YES;
				INFOPLIST_KEY_UIApplicationSupportsIndirectInputEvents = YES;
				INFOPLIST_KEY_UILaunchScreen_Generation = YES;
				INFOPLIST_KEY_UISupportedInterfaceOrientations_iPad = "UIInterfaceOrientationPortrait UIInterfaceOrientationPortraitUpsideDown UIInterfaceOrientationLandscapeLeft UIInterfaceOrientationLandscapeRight";
				INFOPLIST_KEY_UISupportedInterfaceOrientations_iPhone = "UIInterfaceOrientationPortrait UIInterfaceOrientationLandscapeLeft UIInterfaceOrientationLandscapeRight";
				LD_RUNPATH_SEARCH_PATHS = (
					"$(inherited)",
					"@executable_path/Frameworks",
				);
				MARKETING_VERSION = 1.0;
				PRODUCT_BUNDLE_IDENTIFIER = metropolia.EVChargeGX;
				PRODUCT_NAME = "$(TARGET_NAME)";
				SWIFT_EMIT_LOC_STRINGS = YES;
				SWIFT_VERSION = 5.0;
				TARGETED_DEVICE_FAMILY = "1,2";
			};
			name = Release;
		};
		6A2F07DD29EC68ED00E2313A /* Debug */ = {
			isa = XCBuildConfiguration;
			buildSettings = {
				ALWAYS_EMBED_SWIFT_STANDARD_LIBRARIES = YES;
				BUNDLE_LOADER = "$(TEST_HOST)";
				CODE_SIGN_STYLE = Automatic;
				CURRENT_PROJECT_VERSION = 1;
				GENERATE_INFOPLIST_FILE = YES;
				IPHONEOS_DEPLOYMENT_TARGET = 16.2;
				MARKETING_VERSION = 1.0;
				PRODUCT_BUNDLE_IDENTIFIER = metropolia.EVChargeGXTests;
				PRODUCT_NAME = "$(TARGET_NAME)";
				SWIFT_EMIT_LOC_STRINGS = NO;
				SWIFT_VERSION = 5.0;
				TARGETED_DEVICE_FAMILY = "1,2";
				TEST_HOST = "$(BUILT_PRODUCTS_DIR)/EVChargeGX.app/$(BUNDLE_EXECUTABLE_FOLDER_PATH)/EVChargeGX";
			};
			name = Debug;
		};
		6A2F07DE29EC68ED00E2313A /* Release */ = {
			isa = XCBuildConfiguration;
			buildSettings = {
				ALWAYS_EMBED_SWIFT_STANDARD_LIBRARIES = YES;
				BUNDLE_LOADER = "$(TEST_HOST)";
				CODE_SIGN_STYLE = Automatic;
				CURRENT_PROJECT_VERSION = 1;
				GENERATE_INFOPLIST_FILE = YES;
				IPHONEOS_DEPLOYMENT_TARGET = 16.2;
				MARKETING_VERSION = 1.0;
				PRODUCT_BUNDLE_IDENTIFIER = metropolia.EVChargeGXTests;
				PRODUCT_NAME = "$(TARGET_NAME)";
				SWIFT_EMIT_LOC_STRINGS = NO;
				SWIFT_VERSION = 5.0;
				TARGETED_DEVICE_FAMILY = "1,2";
				TEST_HOST = "$(BUILT_PRODUCTS_DIR)/EVChargeGX.app/$(BUNDLE_EXECUTABLE_FOLDER_PATH)/EVChargeGX";
			};
			name = Release;
		};
		6A2F07E029EC68ED00E2313A /* Debug */ = {
			isa = XCBuildConfiguration;
			buildSettings = {
				ALWAYS_EMBED_SWIFT_STANDARD_LIBRARIES = YES;
				CODE_SIGN_STYLE = Automatic;
				CURRENT_PROJECT_VERSION = 1;
				GENERATE_INFOPLIST_FILE = YES;
				MARKETING_VERSION = 1.0;
				PRODUCT_BUNDLE_IDENTIFIER = metropolia.EVChargeGXUITests;
				PRODUCT_NAME = "$(TARGET_NAME)";
				SWIFT_EMIT_LOC_STRINGS = NO;
				SWIFT_VERSION = 5.0;
				TARGETED_DEVICE_FAMILY = "1,2";
				TEST_TARGET_NAME = EVChargeGX;
			};
			name = Debug;
		};
		6A2F07E129EC68ED00E2313A /* Release */ = {
			isa = XCBuildConfiguration;
			buildSettings = {
				ALWAYS_EMBED_SWIFT_STANDARD_LIBRARIES = YES;
				CODE_SIGN_STYLE = Automatic;
				CURRENT_PROJECT_VERSION = 1;
				GENERATE_INFOPLIST_FILE = YES;
				MARKETING_VERSION = 1.0;
				PRODUCT_BUNDLE_IDENTIFIER = metropolia.EVChargeGXUITests;
				PRODUCT_NAME = "$(TARGET_NAME)";
				SWIFT_EMIT_LOC_STRINGS = NO;
				SWIFT_VERSION = 5.0;
				TARGETED_DEVICE_FAMILY = "1,2";
				TEST_TARGET_NAME = EVChargeGX;
			};
			name = Release;
		};
/* End XCBuildConfiguration section */

/* Begin XCConfigurationList section */
		6A2F07AA29EC68EA00E2313A /* Build configuration list for PBXProject "EVChargeGX" */ = {
			isa = XCConfigurationList;
			buildConfigurations = (
				6A2F07D729EC68ED00E2313A /* Debug */,
				6A2F07D829EC68ED00E2313A /* Release */,
			);
			defaultConfigurationIsVisible = 0;
			defaultConfigurationName = Release;
		};
		6A2F07D929EC68ED00E2313A /* Build configuration list for PBXNativeTarget "EVChargeGX" */ = {
			isa = XCConfigurationList;
			buildConfigurations = (
				6A2F07DA29EC68ED00E2313A /* Debug */,
				6A2F07DB29EC68ED00E2313A /* Release */,
			);
			defaultConfigurationIsVisible = 0;
			defaultConfigurationName = Release;
		};
		6A2F07DC29EC68ED00E2313A /* Build configuration list for PBXNativeTarget "EVChargeGXTests" */ = {
			isa = XCConfigurationList;
			buildConfigurations = (
				6A2F07DD29EC68ED00E2313A /* Debug */,
				6A2F07DE29EC68ED00E2313A /* Release */,
			);
			defaultConfigurationIsVisible = 0;
			defaultConfigurationName = Release;
		};
		6A2F07DF29EC68ED00E2313A /* Build configuration list for PBXNativeTarget "EVChargeGXUITests" */ = {
			isa = XCConfigurationList;
			buildConfigurations = (
				6A2F07E029EC68ED00E2313A /* Debug */,
				6A2F07E129EC68ED00E2313A /* Release */,
			);
			defaultConfigurationIsVisible = 0;
			defaultConfigurationName = Release;
		};
/* End XCConfigurationList section */

/* Begin XCRemoteSwiftPackageReference section */
		6A2F07FA29EC6B2200E2313A /* XCRemoteSwiftPackageReference "swiftui-drawer" */ = {
			isa = XCRemoteSwiftPackageReference;
			repositoryURL = "https://github.com/maustinstar/swiftui-drawer";
			requirement = {
				branch = master;
				kind = branch;
			};
		};
/* End XCRemoteSwiftPackageReference section */

/* Begin XCSwiftPackageProductDependency section */
		6A2F07FB29EC6B2200E2313A /* Drawer */ = {
			isa = XCSwiftPackageProductDependency;
			package = 6A2F07FA29EC6B2200E2313A /* XCRemoteSwiftPackageReference "swiftui-drawer" */;
			productName = Drawer;
		};
/* End XCSwiftPackageProductDependency section */

/* Begin XCVersionGroup section */
		6A2F07BD29EC68ED00E2313A /* EVChargeGX.xcdatamodeld */ = {
			isa = XCVersionGroup;
			children = (
				6A2F07BE29EC68ED00E2313A /* EVChargeGX.xcdatamodel */,
			);
			currentVersion = 6A2F07BE29EC68ED00E2313A /* EVChargeGX.xcdatamodel */;
			path = EVChargeGX.xcdatamodeld;
			sourceTree = "<group>";
			versionGroupType = wrapper.xcdatamodel;
		};
/* End XCVersionGroup section */
	};
	rootObject = 6A2F07A729EC68EA00E2313A /* Project object */;
}
